// !$*UTF8*$!
{
	archiveVersion = 1;
	classes = {
	};
	objectVersion = 46;
	objects = {

/* Begin PBXBuildFile section */
		328EF4C2156605CE00A42452 /* Cocoa.framework in Frameworks */ = {isa = PBXBuildFile; fileRef = 328EF4C1156605CE00A42452 /* Cocoa.framework */; };
		328EF4CC156605CE00A42452 /* InfoPlist.strings in Resources */ = {isa = PBXBuildFile; fileRef = 328EF4CA156605CE00A42452 /* InfoPlist.strings */; };
		328EF4CE156605CE00A42452 /* main.m in Sources */ = {isa = PBXBuildFile; fileRef = 328EF4CD156605CE00A42452 /* main.m */; };
		328EF4D2156605CE00A42452 /* Credits.rtf in Resources */ = {isa = PBXBuildFile; fileRef = 328EF4D0156605CE00A42452 /* Credits.rtf */; };
		328EF4D5156605CE00A42452 /* AppDelegate.m in Sources */ = {isa = PBXBuildFile; fileRef = 328EF4D4156605CE00A42452 /* AppDelegate.m */; };
		328EF4D8156605CE00A42452 /* MainMenu.xib in Resources */ = {isa = PBXBuildFile; fileRef = 328EF4D6156605CE00A42452 /* MainMenu.xib */; };
		328EF4E0156606DE00A42452 /* MainScreen.m in Sources */ = {isa = PBXBuildFile; fileRef = 328EF4DF156606DE00A42452 /* MainScreen.m */; };
		328EF608156A905D00A42452 /* Encryptor.m in Sources */ = {isa = PBXBuildFile; fileRef = 328EF603156A905D00A42452 /* Encryptor.m */; };
		328EF609156A905D00A42452 /* NSData+CommonCrypto.m in Sources */ = {isa = PBXBuildFile; fileRef = 328EF605156A905D00A42452 /* NSData+CommonCrypto.m */; };
		328EF60A156A905D00A42452 /* NSData+HexConversion.m in Sources */ = {isa = PBXBuildFile; fileRef = 328EF607156A905D00A42452 /* NSData+HexConversion.m */; };
		328EF617156AB26F00A42452 /* Lock-icon.icns in Resources */ = {isa = PBXBuildFile; fileRef = 328EF616156AB26F00A42452 /* Lock-icon.icns */; };
/* End PBXBuildFile section */

/* Begin PBXFileReference section */
		328EF4BD156605CE00A42452 /* FileEncryptor.app */ = {isa = PBXFileReference; explicitFileType = wrapper.application; includeInIndex = 0; path = FileEncryptor.app; sourceTree = BUILT_PRODUCTS_DIR; };
		328EF4C1156605CE00A42452 /* Cocoa.framework */ = {isa = PBXFileReference; lastKnownFileType = wrapper.framework; name = Cocoa.framework; path = System/Library/Frameworks/Cocoa.framework; sourceTree = SDKROOT; };
		328EF4C4156605CE00A42452 /* AppKit.framework */ = {isa = PBXFileReference; lastKnownFileType = wrapper.framework; name = AppKit.framework; path = System/Library/Frameworks/AppKit.framework; sourceTree = SDKROOT; };
		328EF4C5156605CE00A42452 /* CoreData.framework */ = {isa = PBXFileReference; lastKnownFileType = wrapper.framework; name = CoreData.framework; path = System/Library/Frameworks/CoreData.framework; sourceTree = SDKROOT; };
		328EF4C6156605CE00A42452 /* Foundation.framework */ = {isa = PBXFileReference; lastKnownFileType = wrapper.framework; name = Foundation.framework; path = System/Library/Frameworks/Foundation.framework; sourceTree = SDKROOT; };
		328EF4C9156605CE00A42452 /* FileEncryptor-Info.plist */ = {isa = PBXFileReference; lastKnownFileType = text.plist.xml; path = "FileEncryptor-Info.plist"; sourceTree = "<group>"; };
		328EF4CB156605CE00A42452 /* en */ = {isa = PBXFileReference; lastKnownFileType = text.plist.strings; name = en; path = en.lproj/InfoPlist.strings; sourceTree = "<group>"; };
		328EF4CD156605CE00A42452 /* main.m */ = {isa = PBXFileReference; lastKnownFileType = sourcecode.c.objc; path = main.m; sourceTree = "<group>"; };
		328EF4CF156605CE00A42452 /* FileEncryptor-Prefix.pch */ = {isa = PBXFileReference; lastKnownFileType = sourcecode.c.h; path = "FileEncryptor-Prefix.pch"; sourceTree = "<group>"; };
		328EF4D1156605CE00A42452 /* en */ = {isa = PBXFileReference; lastKnownFileType = text.rtf; name = en; path = en.lproj/Credits.rtf; sourceTree = "<group>"; };
		328EF4D3156605CE00A42452 /* AppDelegate.h */ = {isa = PBXFileReference; lastKnownFileType = sourcecode.c.h; path = AppDelegate.h; sourceTree = "<group>"; };
		328EF4D4156605CE00A42452 /* AppDelegate.m */ = {isa = PBXFileReference; lastKnownFileType = sourcecode.c.objc; path = AppDelegate.m; sourceTree = "<group>"; };
		328EF4D7156605CE00A42452 /* en */ = {isa = PBXFileReference; lastKnownFileType = file.xib; name = en; path = en.lproj/MainMenu.xib; sourceTree = "<group>"; };
		328EF4DE156606DE00A42452 /* MainScreen.h */ = {isa = PBXFileReference; fileEncoding = 4; lastKnownFileType = sourcecode.c.h; path = MainScreen.h; sourceTree = "<group>"; };
		328EF4DF156606DE00A42452 /* MainScreen.m */ = {isa = PBXFileReference; fileEncoding = 4; lastKnownFileType = sourcecode.c.objc; path = MainScreen.m; sourceTree = "<group>"; };
		328EF602156A905D00A42452 /* Encryptor.h */ = {isa = PBXFileReference; fileEncoding = 4; lastKnownFileType = sourcecode.c.h; path = Encryptor.h; sourceTree = "<group>"; };
		328EF603156A905D00A42452 /* Encryptor.m */ = {isa = PBXFileReference; fileEncoding = 4; lastKnownFileType = sourcecode.c.objc; path = Encryptor.m; sourceTree = "<group>"; };
		328EF604156A905D00A42452 /* NSData+CommonCrypto.h */ = {isa = PBXFileReference; fileEncoding = 4; lastKnownFileType = sourcecode.c.h; path = "NSData+CommonCrypto.h"; sourceTree = "<group>"; };
		328EF605156A905D00A42452 /* NSData+CommonCrypto.m */ = {isa = PBXFileReference; fileEncoding = 4; lastKnownFileType = sourcecode.c.objc; path = "NSData+CommonCrypto.m"; sourceTree = "<group>"; };
		328EF606156A905D00A42452 /* NSData+HexConversion.h */ = {isa = PBXFileReference; fileEncoding = 4; lastKnownFileType = sourcecode.c.h; path = "NSData+HexConversion.h"; sourceTree = "<group>"; };
		328EF607156A905D00A42452 /* NSData+HexConversion.m */ = {isa = PBXFileReference; fileEncoding = 4; lastKnownFileType = sourcecode.c.objc; path = "NSData+HexConversion.m"; sourceTree = "<group>"; };
		328EF616156AB26F00A42452 /* Lock-icon.icns */ = {isa = PBXFileReference; lastKnownFileType = image.icns; path = "Lock-icon.icns"; sourceTree = "<group>"; };
/* End PBXFileReference section */

/* Begin PBXFrameworksBuildPhase section */
		328EF4BA156605CE00A42452 /* Frameworks */ = {
			isa = PBXFrameworksBuildPhase;
			buildActionMask = 2147483647;
			files = (
				328EF4C2156605CE00A42452 /* Cocoa.framework in Frameworks */,
			);
			runOnlyForDeploymentPostprocessing = 0;
		};
/* End PBXFrameworksBuildPhase section */

/* Begin PBXGroup section */
		328EF4B2156605CE00A42452 = {
			isa = PBXGroup;
			children = (
				328EF616156AB26F00A42452 /* Lock-icon.icns */,
				328EF4C7156605CE00A42452 /* FileEncryptor */,
				328EF4C0156605CE00A42452 /* Frameworks */,
				328EF4BE156605CE00A42452 /* Products */,
			);
			sourceTree = "<group>";
		};
		328EF4BE156605CE00A42452 /* Products */ = {
			isa = PBXGroup;
			children = (
				328EF4BD156605CE00A42452 /* FileEncryptor.app */,
			);
			name = Products;
			sourceTree = "<group>";
		};
		328EF4C0156605CE00A42452 /* Frameworks */ = {
			isa = PBXGroup;
			children = (
				328EF4C1156605CE00A42452 /* Cocoa.framework */,
				328EF4C3156605CE00A42452 /* Other Frameworks */,
			);
			name = Frameworks;
			sourceTree = "<group>";
		};
		328EF4C3156605CE00A42452 /* Other Frameworks */ = {
			isa = PBXGroup;
			children = (
				328EF4C4156605CE00A42452 /* AppKit.framework */,
				328EF4C5156605CE00A42452 /* CoreData.framework */,
				328EF4C6156605CE00A42452 /* Foundation.framework */,
			);
			name = "Other Frameworks";
			sourceTree = "<group>";
		};
		328EF4C7156605CE00A42452 /* FileEncryptor */ = {
			isa = PBXGroup;
			children = (
				328EF601156A905D00A42452 /* Encryptor */,
				328EF4D3156605CE00A42452 /* AppDelegate.h */,
				328EF4D4156605CE00A42452 /* AppDelegate.m */,
				328EF4D6156605CE00A42452 /* MainMenu.xib */,
				328EF4DE156606DE00A42452 /* MainScreen.h */,
				328EF4DF156606DE00A42452 /* MainScreen.m */,
				328EF4C8156605CE00A42452 /* Supporting Files */,
			);
			path = FileEncryptor;
			sourceTree = "<group>";
		};
		328EF4C8156605CE00A42452 /* Supporting Files */ = {
			isa = PBXGroup;
			children = (
				328EF4C9156605CE00A42452 /* FileEncryptor-Info.plist */,
				328EF4CA156605CE00A42452 /* InfoPlist.strings */,
				328EF4CD156605CE00A42452 /* main.m */,
				328EF4CF156605CE00A42452 /* FileEncryptor-Prefix.pch */,
				328EF4D0156605CE00A42452 /* Credits.rtf */,
			);
			name = "Supporting Files";
			sourceTree = "<group>";
		};
		328EF601156A905D00A42452 /* Encryptor */ = {
			isa = PBXGroup;
			children = (
				328EF602156A905D00A42452 /* Encryptor.h */,
				328EF603156A905D00A42452 /* Encryptor.m */,
				328EF604156A905D00A42452 /* NSData+CommonCrypto.h */,
				328EF605156A905D00A42452 /* NSData+CommonCrypto.m */,
				328EF606156A905D00A42452 /* NSData+HexConversion.h */,
				328EF607156A905D00A42452 /* NSData+HexConversion.m */,
			);
			path = Encryptor;
			sourceTree = "<group>";
		};
/* End PBXGroup section */

/* Begin PBXNativeTarget section */
		328EF4BC156605CE00A42452 /* FileEncryptor */ = {
			isa = PBXNativeTarget;
			buildConfigurationList = 328EF4DB156605CE00A42452 /* Build configuration list for PBXNativeTarget "FileEncryptor" */;
			buildPhases = (
				328EF4B9156605CE00A42452 /* Sources */,
				328EF4BA156605CE00A42452 /* Frameworks */,
				328EF4BB156605CE00A42452 /* Resources */,
			);
			buildRules = (
			);
			dependencies = (
			);
			name = FileEncryptor;
			productName = FileEncryptor;
			productReference = 328EF4BD156605CE00A42452 /* FileEncryptor.app */;
			productType = "com.apple.product-type.application";
		};
/* End PBXNativeTarget section */

/* Begin PBXProject section */
		328EF4B4156605CE00A42452 /* Project object */ = {
			isa = PBXProject;
			attributes = {
				LastUpgradeCheck = 0420;
			};
			buildConfigurationList = 328EF4B7156605CE00A42452 /* Build configuration list for PBXProject "FileEncryptor" */;
			compatibilityVersion = "Xcode 3.2";
			developmentRegion = English;
			hasScannedForEncodings = 0;
			knownRegions = (
				en,
			);
			mainGroup = 328EF4B2156605CE00A42452;
			productRefGroup = 328EF4BE156605CE00A42452 /* Products */;
			projectDirPath = "";
			projectRoot = "";
			targets = (
				328EF4BC156605CE00A42452 /* FileEncryptor */,
			);
		};
/* End PBXProject section */

/* Begin PBXResourcesBuildPhase section */
		328EF4BB156605CE00A42452 /* Resources */ = {
			isa = PBXResourcesBuildPhase;
			buildActionMask = 2147483647;
			files = (
				328EF4CC156605CE00A42452 /* InfoPlist.strings in Resources */,
				328EF4D2156605CE00A42452 /* Credits.rtf in Resources */,
				328EF4D8156605CE00A42452 /* MainMenu.xib in Resources */,
				328EF617156AB26F00A42452 /* Lock-icon.icns in Resources */,
			);
			runOnlyForDeploymentPostprocessing = 0;
		};
/* End PBXResourcesBuildPhase section */

/* Begin PBXSourcesBuildPhase section */
		328EF4B9156605CE00A42452 /* Sources */ = {
			isa = PBXSourcesBuildPhase;
			buildActionMask = 2147483647;
			files = (
				328EF4CE156605CE00A42452 /* main.m in Sources */,
				328EF4D5156605CE00A42452 /* AppDelegate.m in Sources */,
				328EF4E0156606DE00A42452 /* MainScreen.m in Sources */,
				328EF608156A905D00A42452 /* Encryptor.m in Sources */,
				328EF609156A905D00A42452 /* NSData+CommonCrypto.m in Sources */,
				328EF60A156A905D00A42452 /* NSData+HexConversion.m in Sources */,
			);
			runOnlyForDeploymentPostprocessing = 0;
		};
/* End PBXSourcesBuildPhase section */

/* Begin PBXVariantGroup section */
		328EF4CA156605CE00A42452 /* InfoPlist.strings */ = {
			isa = PBXVariantGroup;
			children = (
				328EF4CB156605CE00A42452 /* en */,
			);
			name = InfoPlist.strings;
			sourceTree = "<group>";
		};
		328EF4D0156605CE00A42452 /* Credits.rtf */ = {
			isa = PBXVariantGroup;
			children = (
				328EF4D1156605CE00A42452 /* en */,
			);
			name = Credits.rtf;
			sourceTree = "<group>";
		};
		328EF4D6156605CE00A42452 /* MainMenu.xib */ = {
			isa = PBXVariantGroup;
			children = (
				328EF4D7156605CE00A42452 /* en */,
			);
			name = MainMenu.xib;
			sourceTree = "<group>";
		};
/* End PBXVariantGroup section */

/* Begin XCBuildConfiguration section */
		328EF4D9156605CE00A42452 /* Debug */ = {
			isa = XCBuildConfiguration;
			buildSettings = {
				ALWAYS_SEARCH_USER_PATHS = NO;
				ARCHS = "$(ARCHS_STANDARD_64_BIT)";
				COPY_PHASE_STRIP = NO;
				GCC_C_LANGUAGE_STANDARD = gnu99;
				GCC_DYNAMIC_NO_PIC = NO;
				GCC_ENABLE_OBJC_EXCEPTIONS = YES;
				GCC_OPTIMIZATION_LEVEL = 0;
				GCC_PREPROCESSOR_DEFINITIONS = (
					"DEBUG=1",
					"$(inherited)",
				);
				GCC_SYMBOLS_PRIVATE_EXTERN = NO;
				GCC_VERSION = com.apple.compilers.llvm.clang.1_0;
				GCC_WARN_64_TO_32_BIT_CONVERSION = YES;
				GCC_WARN_ABOUT_MISSING_PROTOTYPES = YES;
				GCC_WARN_ABOUT_RETURN_TYPE = YES;
				GCC_WARN_UNUSED_VARIABLE = YES;
				MACOSX_DEPLOYMENT_TARGET = 10.6;
				ONLY_ACTIVE_ARCH = YES;
				SDKROOT = macosx;
			};
			name = Debug;
		};
		328EF4DA156605CE00A42452 /* Release */ = {
			isa = XCBuildConfiguration;
			buildSettings = {
				ALWAYS_SEARCH_USER_PATHS = NO;
				ARCHS = "$(ARCHS_STANDARD_64_BIT)";
				COPY_PHASE_STRIP = YES;
				DEBUG_INFORMATION_FORMAT = "dwarf-with-dsym";
				GCC_C_LANGUAGE_STANDARD = gnu99;
				GCC_ENABLE_OBJC_EXCEPTIONS = YES;
				GCC_VERSION = com.apple.compilers.llvm.clang.1_0;
				GCC_WARN_64_TO_32_BIT_CONVERSION = YES;
				GCC_WARN_ABOUT_MISSING_PROTOTYPES = YES;
				GCC_WARN_ABOUT_RETURN_TYPE = YES;
				GCC_WARN_UNUSED_VARIABLE = YES;
				MACOSX_DEPLOYMENT_TARGET = 10.6;
				SDKROOT = macosx;
			};
			name = Release;
		};
		328EF4DC156605CE00A42452 /* Debug */ = {
			isa = XCBuildConfiguration;
			buildSettings = {
				GCC_PRECOMPILE_PREFIX_HEADER = YES;
				GCC_PREFIX_HEADER = "FileEncryptor/FileEncryptor-Prefix.pch";
				INFOPLIST_FILE = "FileEncryptor/FileEncryptor-Info.plist";
				MACOSX_DEPLOYMENT_TARGET = 10.6;
				PRODUCT_NAME = "$(TARGET_NAME)";
				WRAPPER_EXTENSION = app;
			};
			name = Debug;
		};
		328EF4DD156605CE00A42452 /* Release */ = {
			isa = XCBuildConfiguration;
			buildSettings = {
				GCC_PRECOMPILE_PREFIX_HEADER = YES;
				GCC_PREFIX_HEADER = "FileEncryptor/FileEncryptor-Prefix.pch";
				INFOPLIST_FILE = "FileEncryptor/FileEncryptor-Info.plist";
				MACOSX_DEPLOYMENT_TARGET = 10.6;
				PRODUCT_NAME = "$(TARGET_NAME)";
				WRAPPER_EXTENSION = app;
			};
			name = Release;
		};
/* End XCBuildConfiguration section */

/* Begin XCConfigurationList section */
		328EF4B7156605CE00A42452 /* Build configuration list for PBXProject "FileEncryptor" */ = {
			isa = XCConfigurationList;
			buildConfigurations = (
				328EF4D9156605CE00A42452 /* Debug */,
				328EF4DA156605CE00A42452 /* Release */,
			);
			defaultConfigurationIsVisible = 0;
			defaultConfigurationName = Release;
		};
		328EF4DB156605CE00A42452 /* Build configuration list for PBXNativeTarget "FileEncryptor" */ = {
			isa = XCConfigurationList;
			buildConfigurations = (
				328EF4DC156605CE00A42452 /* Debug */,
				328EF4DD156605CE00A42452 /* Release */,
			);
			defaultConfigurationIsVisible = 0;
			defaultConfigurationName = Release;
		};
/* End XCConfigurationList section */
	};
	rootObject = 328EF4B4156605CE00A42452 /* Project object */;
}
